
Microsoft Visual Studio Solution File, Format Version 12.00
# Visual Studio Version 16
VisualStudioVersion = 16.0.31729.503
MinimumVisualStudioVersion = 10.0.40219.1
Project("{FAE04EC0-301F-11D3-BF4B-00C04F79EFBC}") = "WebTestBS", "WebTestBS\WebTestBS.csproj", "{C9BE29D2-C01B-448D-A9D1-53F62ED2366A}"
EndProject
Global
	GlobalSection(SolutionConfigurationPlatforms) = preSolution
		Debug|Any CPU = Debug|Any CPU
		Release|Any CPU = Release|Any CPU
	EndGlobalSection
	GlobalSection(ProjectConfigurationPlatforms) = postSolution
		{C9BE29D2-C01B-448D-A9D1-53F62ED2366A}.Debug|Any CPU.ActiveCfg = Debug|Any CPU
		{C9BE29D2-C01B-448D-A9D1-53F62ED2366A}.Debug|Any CPU.Build.0 = Debug|Any CPU
		{C9BE29D2-C01B-448D-A9D1-53F62ED2366A}.Release|Any CPU.ActiveCfg = Release|Any CPU
		{C9BE29D2-C01B-448D-A9D1-53F62ED2366A}.Release|Any CPU.Build.0 = Release|Any CPU
	EndGlobalSection
	GlobalSection(SolutionProperties) = preSolution
		HideSolutionNode = FALSE
	EndGlobalSection
	GlobalSection(ExtensibilityGlobals) = postSolution
		SolutionGuid = {A3554E44-6CA3-48C4-B88F-233247EDDD41}
	EndGlobalSection
EndGlobal
